
Microsoft Visual Studio Solution File, Format Version 12.00
# Visual Studio Version 17
VisualStudioVersion = 17.13.35931.197 d17.13
MinimumVisualStudioVersion = 10.0.40219.1
Project("{FAE04EC0-301F-11D3-BF4B-00C04F79EFBC}") = "DemoMinimalWebAPI", "DemoMinimalWebAPI.csproj", "{E2401063-49BD-44EF-8688-0A0BA1BC29B2}"
EndProject
Global
	GlobalSection(SolutionConfigurationPlatforms) = preSolution
		Debug|Any CPU = Debug|Any CPU
		Release|Any CPU = Release|Any CPU
	EndGlobalSection
	GlobalSection(ProjectConfigurationPlatforms) = postSolution
		{E2401063-49BD-44EF-8688-0A0BA1BC29B2}.Debug|Any CPU.ActiveCfg = Debug|Any CPU
		{E2401063-49BD-44EF-8688-0A0BA1BC29B2}.Debug|Any CPU.Build.0 = Debug|Any CPU
		{E2401063-49BD-44EF-8688-0A0BA1BC29B2}.Release|Any CPU.ActiveCfg = Release|Any CPU
		{E2401063-49BD-44EF-8688-0A0BA1BC29B2}.Release|Any CPU.Build.0 = Release|Any CPU
	EndGlobalSection
	GlobalSection(SolutionProperties) = preSolution
		HideSolutionNode = FALSE
	EndGlobalSection
	GlobalSection(ExtensibilityGlobals) = postSolution
		SolutionGuid = {2A30456F-F801-4752-970A-D25926B765FD}
	EndGlobalSection
EndGlobal
